
Microsoft Visual Studio Solution File, Format Version 12.00
# Visual Studio Version 17
VisualStudioVersion = 17.7.34221.43
MinimumVisualStudioVersion = 10.0.40219.1
Project("{9A19103F-16F7-4668-BE54-9A1E7A4F7556}") = "Projet_S1_BRUGERE_CALI", "Projet_S1_BRUGERE_CALI\Projet_S1_BRUGERE_CALI.csproj", "{E3A65DE5-AACE-4B8F-A75B-414B796D203C}"
EndProject
Project("{FAE04EC0-301F-11D3-BF4B-00C04F79EFBC}") = "TestsUnitaires", "TestsUnitaires\TestsUnitaires.csproj", "{35A47A75-7CF9-4763-8828-A68D0162614D}"
EndProject
Global
	GlobalSection(SolutionConfigurationPlatforms) = preSolution
		Debug|Any CPU = Debug|Any CPU
		Release|Any CPU = Release|Any CPU
	EndGlobalSection
	GlobalSection(ProjectConfigurationPlatforms) = postSolution
		{E3A65DE5-AACE-4B8F-A75B-414B796D203C}.Debug|Any CPU.ActiveCfg = Debug|Any CPU
		{E3A65DE5-AACE-4B8F-A75B-414B796D203C}.Debug|Any CPU.Build.0 = Debug|Any CPU
		{E3A65DE5-AACE-4B8F-A75B-414B796D203C}.Release|Any CPU.ActiveCfg = Release|Any CPU
		{E3A65DE5-AACE-4B8F-A75B-414B796D203C}.Release|Any CPU.Build.0 = Release|Any CPU
		{35A47A75-7CF9-4763-8828-A68D0162614D}.Debug|Any CPU.ActiveCfg = Debug|Any CPU
		{35A47A75-7CF9-4763-8828-A68D0162614D}.Debug|Any CPU.Build.0 = Debug|Any CPU
		{35A47A75-7CF9-4763-8828-A68D0162614D}.Release|Any CPU.ActiveCfg = Release|Any CPU
		{35A47A75-7CF9-4763-8828-A68D0162614D}.Release|Any CPU.Build.0 = Release|Any CPU
	EndGlobalSection
	GlobalSection(SolutionProperties) = preSolution
		HideSolutionNode = FALSE
	EndGlobalSection
	GlobalSection(ExtensibilityGlobals) = postSolution
		SolutionGuid = {84228707-C7FF-4703-9284-2019C7C3B131}
	EndGlobalSection
EndGlobal
